
Microsoft Visual Studio Solution File, Format Version 12.00
# Visual Studio Version 17
VisualStudioVersion = 17.14.36603.0 d17.14
MinimumVisualStudioVersion = 10.0.40219.1
Project("{FAE04EC0-301F-11D3-BF4B-00C04F79EFBC}") = "ASCIIcamera", "ASCIIcamera\ASCIIcamera.csproj", "{8404C6A0-3A28-48C1-A64C-A18030BB81F1}"
EndProject
Global
	GlobalSection(SolutionConfigurationPlatforms) = preSolution
		Debug|Any CPU = Debug|Any CPU
		Release|Any CPU = Release|Any CPU
	EndGlobalSection
	GlobalSection(ProjectConfigurationPlatforms) = postSolution
		{8404C6A0-3A28-48C1-A64C-A18030BB81F1}.Debug|Any CPU.ActiveCfg = Debug|Any CPU
		{8404C6A0-3A28-48C1-A64C-A18030BB81F1}.Debug|Any CPU.Build.0 = Debug|Any CPU
		{8404C6A0-3A28-48C1-A64C-A18030BB81F1}.Release|Any CPU.ActiveCfg = Release|Any CPU
		{8404C6A0-3A28-48C1-A64C-A18030BB81F1}.Release|Any CPU.Build.0 = Release|Any CPU
	EndGlobalSection
	GlobalSection(SolutionProperties) = preSolution
		HideSolutionNode = FALSE
	EndGlobalSection
	GlobalSection(ExtensibilityGlobals) = postSolution
		SolutionGuid = {C0003D59-9AF0-4751-B278-A457E0A5CA58}
	EndGlobalSection
EndGlobal
